
Microsoft Visual Studio Solution File, Format Version 12.00
# Visual Studio Version 16
VisualStudioVersion = 16.0.31205.134
MinimumVisualStudioVersion = 10.0.40219.1
Project("{8BC9CEB8-8B4A-11D0-8D11-00A0C91BC942}") = "0614Cpp", "0614Cpp\0614Cpp.vcxproj", "{43DCE525-F9C8-4922-8483-7FF74643DA55}"
EndProject
Global
	GlobalSection(SolutionConfigurationPlatforms) = preSolution
		Debug|x64 = Debug|x64
		Debug|x86 = Debug|x86
		Release|x64 = Release|x64
		Release|x86 = Release|x86
	EndGlobalSection
	GlobalSection(ProjectConfigurationPlatforms) = postSolution
		{43DCE525-F9C8-4922-8483-7FF74643DA55}.Debug|x64.ActiveCfg = Debug|x64
		{43DCE525-F9C8-4922-8483-7FF74643DA55}.Debug|x64.Build.0 = Debug|x64
		{43DCE525-F9C8-4922-8483-7FF74643DA55}.Debug|x86.ActiveCfg = Debug|Win32
		{43DCE525-F9C8-4922-8483-7FF74643DA55}.Debug|x86.Build.0 = Debug|Win32
		{43DCE525-F9C8-4922-8483-7FF74643DA55}.Release|x64.ActiveCfg = Release|x64
		{43DCE525-F9C8-4922-8483-7FF74643DA55}.Release|x64.Build.0 = Release|x64
		{43DCE525-F9C8-4922-8483-7FF74643DA55}.Release|x86.ActiveCfg = Release|Win32
		{43DCE525-F9C8-4922-8483-7FF74643DA55}.Release|x86.Build.0 = Release|Win32
	EndGlobalSection
	GlobalSection(SolutionProperties) = preSolution
		HideSolutionNode = FALSE
	EndGlobalSection
	GlobalSection(ExtensibilityGlobals) = postSolution
		SolutionGuid = {4A79A1F5-41C2-4483-ADD5-3AFF112E30FB}
	EndGlobalSection
EndGlobal
